PODS:
  - BoringSSL (10.0.3):
    - BoringSSL/Implementation (= 10.0.3)
    - BoringSSL/Interface (= 10.0.3)
  - BoringSSL/Implementation (10.0.3):
    - BoringSSL/Interface (= 10.0.3)
  - BoringSSL/Interface (10.0.3)
  - gRPC-Core (1.11.0):
    - gRPC-Core/Implementation (= 1.11.0)
    - gRPC-Core/Interface (= 1.11.0)
  - gRPC-Core/Implementation (1.11.0):
    - BoringSSL (~> 10.0)
    - gRPC-Core/Interface (= 1.11.0)
    - nanopb (~> 0.3)
  - gRPC-Core/Interface (1.11.0)
  - nanopb (0.3.8):
    - nanopb/decode (= 0.3.8)
    - nanopb/encode (= 0.3.8)
  - nanopb/decode (0.3.8)
  - nanopb/encode (0.3.8)
  - SwiftGRPC (0.4.3):
    - BoringSSL (~> 10.0)
    - gRPC-Core (~> 1.11.0)
    - SwiftProtobuf (~> 1.0.3)
  - SwiftProtobuf (1.0.3)

DEPENDENCIES:
  - SwiftGRPC
  - SwiftProtobuf (~> 1.0)

SPEC REPOS:
  https://github.com/cocoapods/specs.git:
    - BoringSSL
    - gRPC-Core
    - nanopb
    - SwiftGRPC
    - SwiftProtobuf

SPEC CHECKSUMS:
  BoringSSL: b1414a1e3fb6d033ae161dfe946b99ca9cfc6e96
  gRPC-Core: 5fee7fa47b9cd12b2858e7e0dcf7bb0c61aeb23f
  nanopb: 7ff14b1dce580107a15de90796e901596d5529bd
  SwiftGRPC: 0a0e23fe1dfbc2ef28c5d73062d54282ee8cb484
  SwiftProtobuf: 4725f04098622c30bf46c80eff73330ebe9d8730

PODFILE CHECKSUM: 05a18b47087f251b9d92de82b2734d2d65f00353

COCOAPODS: 1.5.3
