PODS:
  - BoringSSL (10.0.3):
    - BoringSSL/Implementation (= 10.0.3)
    - BoringSSL/Interface (= 10.0.3)
  - BoringSSL/Implementation (10.0.3):
    - BoringSSL/Interface (= 10.0.3)
  - BoringSSL/Interface (10.0.3)
  - gRPC-Core (1.11.0):
    - gRPC-Core/Implementation (= 1.11.0)
    - gRPC-Core/Interface (= 1.11.0)
  - gRPC-Core/Implementation (1.11.0):
    - BoringSSL (~> 10.0)
    - gRPC-Core/Interface (= 1.11.0)
    - nanopb (~> 0.3)
  - gRPC-Core/Interface (1.11.0)
  - nanopb (0.3.8):
    - nanopb/decode (= 0.3.8)
    - nanopb/encode (= 0.3.8)
  - nanopb/decode (0.3.8)
  - nanopb/encode (0.3.8)
  - PasswordExtension (4.1.0)
  - QRCodeReader.swift (8.2.0)
  - RxCocoa (4.2.0):
    - RxSwift (~> 4.0)
  - RxSwift (4.2.0)
  - SwiftGRPC (0.4.3):
    - BoringSSL (~> 10.0)
    - gRPC-Core (~> 1.11.0)
    - SwiftProtobuf (~> 1.0.3)
  - SwiftLint (0.25.1)
  - SwiftProtobuf (1.0.3)
  - Valet (3.1.3)

DEPENDENCIES:
  - PasswordExtension
  - QRCodeReader.swift (~> 8.2.0)
  - RxCocoa (~> 4.0)
  - RxSwift (~> 4.0)
  - SwiftGRPC
  - SwiftLint
  - SwiftProtobuf (~> 1.0)
  - Valet

SPEC REPOS:
  https://github.com/cocoapods/specs.git:
    - BoringSSL
    - gRPC-Core
    - nanopb
    - PasswordExtension
    - QRCodeReader.swift
    - RxCocoa
    - RxSwift
    - SwiftGRPC
    - SwiftLint
    - SwiftProtobuf
    - Valet

SPEC CHECKSUMS:
  BoringSSL: b1414a1e3fb6d033ae161dfe946b99ca9cfc6e96
  gRPC-Core: 5fee7fa47b9cd12b2858e7e0dcf7bb0c61aeb23f
  nanopb: 7ff14b1dce580107a15de90796e901596d5529bd
  PasswordExtension: dc963ca5b5c95d93c145d5d44a465918f7fc3930
  QRCodeReader.swift: 33dbaad979a6d080a0ff1bbe2c2aa02f8d2ea1eb
  RxCocoa: 5a90a61f3b93b7066c08e8b64ff32a322b047de5
  RxSwift: 0e194f183ab1c859e3705f1283f25014b101d0dc
  SwiftGRPC: 0a0e23fe1dfbc2ef28c5d73062d54282ee8cb484
  SwiftLint: 87a43a7423cc6a9e23de6ec21cf148ddeece4b1f
  SwiftProtobuf: 4725f04098622c30bf46c80eff73330ebe9d8730
  Valet: 3b27cb8f4187d1ab39f7158698f5baf360fa989e

PODFILE CHECKSUM: 759c5c68062574b4f61ed9410e4c400a548be527

COCOAPODS: 1.5.3
